
Microsoft Visual Studio Solution File, Format Version 12.00
# Visual Studio 15
VisualStudioVersion = 15.0.26228.4
MinimumVisualStudioVersion = 10.0.40219.1
Project("{FAE04EC0-301F-11D3-BF4B-00C04F79EFBC}") = "LoginEX", "LoginEX\LoginEX.csproj", "{A75AC8AE-44F0-4096-A976-5C6A6C762677}"
EndProject
Global
	GlobalSection(SolutionConfigurationPlatforms) = preSolution
		Debug|Any CPU = Debug|Any CPU
		Release|Any CPU = Release|Any CPU
	EndGlobalSection
	GlobalSection(ProjectConfigurationPlatforms) = postSolution
		{A75AC8AE-44F0-4096-A976-5C6A6C762677}.Debug|Any CPU.ActiveCfg = Debug|Any CPU
		{A75AC8AE-44F0-4096-A976-5C6A6C762677}.Debug|Any CPU.Build.0 = Debug|Any CPU
		{A75AC8AE-44F0-4096-A976-5C6A6C762677}.Release|Any CPU.ActiveCfg = Release|Any CPU
		{A75AC8AE-44F0-4096-A976-5C6A6C762677}.Release|Any CPU.Build.0 = Release|Any CPU
	EndGlobalSection
	GlobalSection(SolutionProperties) = preSolution
		HideSolutionNode = FALSE
	EndGlobalSection
EndGlobal
